
Microsoft Visual Studio Solution File, Format Version 12.00
# Visual Studio Version 17
VisualStudioVersion = 17.10.35004.147
MinimumVisualStudioVersion = 10.0.40219.1
Project("{FAE04EC0-301F-11D3-BF4B-00C04F79EFBC}") = "KB13714_IgbGrid_Export", "KB13714_IgbGrid_Export.csproj", "{03327516-055D-4597-A491-5DD12CA6F8C3}"
EndProject
Global
	GlobalSection(SolutionConfigurationPlatforms) = preSolution
		Debug|Any CPU = Debug|Any CPU
		Release|Any CPU = Release|Any CPU
	EndGlobalSection
	GlobalSection(ProjectConfigurationPlatforms) = postSolution
		{03327516-055D-4597-A491-5DD12CA6F8C3}.Debug|Any CPU.ActiveCfg = Debug|Any CPU
		{03327516-055D-4597-A491-5DD12CA6F8C3}.Debug|Any CPU.Build.0 = Debug|Any CPU
		{03327516-055D-4597-A491-5DD12CA6F8C3}.Release|Any CPU.ActiveCfg = Release|Any CPU
		{03327516-055D-4597-A491-5DD12CA6F8C3}.Release|Any CPU.Build.0 = Release|Any CPU
	EndGlobalSection
	GlobalSection(SolutionProperties) = preSolution
		HideSolutionNode = FALSE
	EndGlobalSection
	GlobalSection(ExtensibilityGlobals) = postSolution
		SolutionGuid = {16268BF5-56C7-42A6-8471-2B3DAA9415D5}
	EndGlobalSection
EndGlobal
